
Microsoft Visual Studio Solution File, Format Version 12.00
# Visual Studio Version 17
VisualStudioVersion = 17.13.35617.110 d17.13
MinimumVisualStudioVersion = 10.0.40219.1
Project("{FAE04EC0-301F-11D3-BF4B-00C04F79EFBC}") = "hattertarolo", "hattertarolo\hattertarolo.csproj", "{674A9077-0C65-41E6-A1C2-BC7B333F3C09}"
EndProject
Global
	GlobalSection(SolutionConfigurationPlatforms) = preSolution
		Debug|Any CPU = Debug|Any CPU
		Release|Any CPU = Release|Any CPU
	EndGlobalSection
	GlobalSection(ProjectConfigurationPlatforms) = postSolution
		{674A9077-0C65-41E6-A1C2-BC7B333F3C09}.Debug|Any CPU.ActiveCfg = Debug|Any CPU
		{674A9077-0C65-41E6-A1C2-BC7B333F3C09}.Debug|Any CPU.Build.0 = Debug|Any CPU
		{674A9077-0C65-41E6-A1C2-BC7B333F3C09}.Release|Any CPU.ActiveCfg = Release|Any CPU
		{674A9077-0C65-41E6-A1C2-BC7B333F3C09}.Release|Any CPU.Build.0 = Release|Any CPU
	EndGlobalSection
	GlobalSection(SolutionProperties) = preSolution
		HideSolutionNode = FALSE
	EndGlobalSection
	GlobalSection(ExtensibilityGlobals) = postSolution
		SolutionGuid = {D6BC9441-12A9-4020-B15A-83A0D9F5B212}
	EndGlobalSection
EndGlobal
