
Microsoft Visual Studio Solution File, Format Version 12.00
# Visual Studio Version 17
VisualStudioVersion = 17.13.35617.110 d17.13
MinimumVisualStudioVersion = 10.0.40219.1
Project("{FAE04EC0-301F-11D3-BF4B-00C04F79EFBC}") = "SzinKereses", "SzinKereses\SzinKereses.csproj", "{715B44FB-FC64-4B44-B4CB-CFB918F8BE13}"
EndProject
Global
	GlobalSection(SolutionConfigurationPlatforms) = preSolution
		Debug|Any CPU = Debug|Any CPU
		Release|Any CPU = Release|Any CPU
	EndGlobalSection
	GlobalSection(ProjectConfigurationPlatforms) = postSolution
		{715B44FB-FC64-4B44-B4CB-CFB918F8BE13}.Debug|Any CPU.ActiveCfg = Debug|Any CPU
		{715B44FB-FC64-4B44-B4CB-CFB918F8BE13}.Debug|Any CPU.Build.0 = Debug|Any CPU
		{715B44FB-FC64-4B44-B4CB-CFB918F8BE13}.Release|Any CPU.ActiveCfg = Release|Any CPU
		{715B44FB-FC64-4B44-B4CB-CFB918F8BE13}.Release|Any CPU.Build.0 = Release|Any CPU
	EndGlobalSection
	GlobalSection(SolutionProperties) = preSolution
		HideSolutionNode = FALSE
	EndGlobalSection
	GlobalSection(ExtensibilityGlobals) = postSolution
		SolutionGuid = {35A0D565-3BB3-47DA-9A32-5B69BDB83C46}
	EndGlobalSection
EndGlobal
