
Microsoft Visual Studio Solution File, Format Version 12.00
# Visual Studio Version 17
VisualStudioVersion = 17.13.35617.110 d17.13
MinimumVisualStudioVersion = 10.0.40219.1
Project("{FAE04EC0-301F-11D3-BF4B-00C04F79EFBC}") = "RealEstate", "RealEstate\RealEstate.csproj", "{4A8E55C3-CE5E-4B1B-86B2-651190BCF0B6}"
EndProject
Global
	GlobalSection(SolutionConfigurationPlatforms) = preSolution
		Debug|Any CPU = Debug|Any CPU
		Release|Any CPU = Release|Any CPU
	EndGlobalSection
	GlobalSection(ProjectConfigurationPlatforms) = postSolution
		{4A8E55C3-CE5E-4B1B-86B2-651190BCF0B6}.Debug|Any CPU.ActiveCfg = Debug|Any CPU
		{4A8E55C3-CE5E-4B1B-86B2-651190BCF0B6}.Debug|Any CPU.Build.0 = Debug|Any CPU
		{4A8E55C3-CE5E-4B1B-86B2-651190BCF0B6}.Release|Any CPU.ActiveCfg = Release|Any CPU
		{4A8E55C3-CE5E-4B1B-86B2-651190BCF0B6}.Release|Any CPU.Build.0 = Release|Any CPU
	EndGlobalSection
	GlobalSection(SolutionProperties) = preSolution
		HideSolutionNode = FALSE
	EndGlobalSection
	GlobalSection(ExtensibilityGlobals) = postSolution
		SolutionGuid = {97C0DB06-700B-41C6-9B82-E916889C894B}
	EndGlobalSection
EndGlobal
