
Microsoft Visual Studio Solution File, Format Version 12.00
# Visual Studio Version 17
VisualStudioVersion = 17.7.34024.191
MinimumVisualStudioVersion = 10.0.40219.1
Project("{FAE04EC0-301F-11D3-BF4B-00C04F79EFBC}") = "10.01 rekurzio", "10.01 rekurzio\10.01 rekurzio.csproj", "{262FAFEB-29D6-4B52-9337-A815847932D4}"
EndProject
Global
	GlobalSection(SolutionConfigurationPlatforms) = preSolution
		Debug|Any CPU = Debug|Any CPU
		Release|Any CPU = Release|Any CPU
	EndGlobalSection
	GlobalSection(ProjectConfigurationPlatforms) = postSolution
		{262FAFEB-29D6-4B52-9337-A815847932D4}.Debug|Any CPU.ActiveCfg = Debug|Any CPU
		{262FAFEB-29D6-4B52-9337-A815847932D4}.Debug|Any CPU.Build.0 = Debug|Any CPU
		{262FAFEB-29D6-4B52-9337-A815847932D4}.Release|Any CPU.ActiveCfg = Release|Any CPU
		{262FAFEB-29D6-4B52-9337-A815847932D4}.Release|Any CPU.Build.0 = Release|Any CPU
	EndGlobalSection
	GlobalSection(SolutionProperties) = preSolution
		HideSolutionNode = FALSE
	EndGlobalSection
	GlobalSection(ExtensibilityGlobals) = postSolution
		SolutionGuid = {162E37B2-26D9-48F3-A910-5FBACE55A9B0}
	EndGlobalSection
EndGlobal
